
Microsoft Visual Studio Solution File, Format Version 12.00
# Visual Studio Version 17
VisualStudioVersion = 17.6.33801.468
MinimumVisualStudioVersion = 10.0.40219.1
Project("{FAE04EC0-301F-11D3-BF4B-00C04F79EFBC}") = "MyAcademyCarBook.EntityLayer", "MyAcademyCarBook.EntityLayer\MyAcademyCarBook.EntityLayer.csproj", "{FB16CD1F-5005-4FAE-8C13-F8C6E7B70A77}"
EndProject
Project("{FAE04EC0-301F-11D3-BF4B-00C04F79EFBC}") = "MyAcademyCarBook.DataAccessLayer", "MyAcademyCarBook.DataAccessLayer\MyAcademyCarBook.DataAccessLayer.csproj", "{DDF345FE-C1A1-4996-8085-494583B7EF38}"
EndProject
Project("{FAE04EC0-301F-11D3-BF4B-00C04F79EFBC}") = "MyAcademyCarBook.BusinessLayer", "MyAcademyCarBook.BusinessLayer\MyAcademyCarBook.BusinessLayer.csproj", "{839B26EE-493A-45D5-97F3-345F5666ECCA}"
EndProject
Project("{FAE04EC0-301F-11D3-BF4B-00C04F79EFBC}") = "MyAcademyCarBook.DtoLayer", "MyAcademyCarBook.DtoLayer\MyAcademyCarBook.DtoLayer.csproj", "{4E785442-F369-48BF-8BA8-333AA892B1A9}"
EndProject
Project("{FAE04EC0-301F-11D3-BF4B-00C04F79EFBC}") = "MyAcademyCarBook.PresentationLayer", "MyAcademyCarBook.PresentationLayer\MyAcademyCarBook.PresentationLayer.csproj", "{A379F4F5-E466-4489-AE4B-FB8E5E398AD4}"
EndProject
Global
	GlobalSection(SolutionConfigurationPlatforms) = preSolution
		Debug|Any CPU = Debug|Any CPU
		Release|Any CPU = Release|Any CPU
	EndGlobalSection
	GlobalSection(ProjectConfigurationPlatforms) = postSolution
		{FB16CD1F-5005-4FAE-8C13-F8C6E7B70A77}.Debug|Any CPU.ActiveCfg = Debug|Any CPU
		{FB16CD1F-5005-4FAE-8C13-F8C6E7B70A77}.Debug|Any CPU.Build.0 = Debug|Any CPU
		{FB16CD1F-5005-4FAE-8C13-F8C6E7B70A77}.Release|Any CPU.ActiveCfg = Release|Any CPU
		{FB16CD1F-5005-4FAE-8C13-F8C6E7B70A77}.Release|Any CPU.Build.0 = Release|Any CPU
		{DDF345FE-C1A1-4996-8085-494583B7EF38}.Debug|Any CPU.ActiveCfg = Debug|Any CPU
		{DDF345FE-C1A1-4996-8085-494583B7EF38}.Debug|Any CPU.Build.0 = Debug|Any CPU
		{DDF345FE-C1A1-4996-8085-494583B7EF38}.Release|Any CPU.ActiveCfg = Release|Any CPU
		{DDF345FE-C1A1-4996-8085-494583B7EF38}.Release|Any CPU.Build.0 = Release|Any CPU
		{839B26EE-493A-45D5-97F3-345F5666ECCA}.Debug|Any CPU.ActiveCfg = Debug|Any CPU
		{839B26EE-493A-45D5-97F3-345F5666ECCA}.Debug|Any CPU.Build.0 = Debug|Any CPU
		{839B26EE-493A-45D5-97F3-345F5666ECCA}.Release|Any CPU.ActiveCfg = Release|Any CPU
		{839B26EE-493A-45D5-97F3-345F5666ECCA}.Release|Any CPU.Build.0 = Release|Any CPU
		{4E785442-F369-48BF-8BA8-333AA892B1A9}.Debug|Any CPU.ActiveCfg = Debug|Any CPU
		{4E785442-F369-48BF-8BA8-333AA892B1A9}.Debug|Any CPU.Build.0 = Debug|Any CPU
		{4E785442-F369-48BF-8BA8-333AA892B1A9}.Release|Any CPU.ActiveCfg = Release|Any CPU
		{4E785442-F369-48BF-8BA8-333AA892B1A9}.Release|Any CPU.Build.0 = Release|Any CPU
		{A379F4F5-E466-4489-AE4B-FB8E5E398AD4}.Debug|Any CPU.ActiveCfg = Debug|Any CPU
		{A379F4F5-E466-4489-AE4B-FB8E5E398AD4}.Debug|Any CPU.Build.0 = Debug|Any CPU
		{A379F4F5-E466-4489-AE4B-FB8E5E398AD4}.Release|Any CPU.ActiveCfg = Release|Any CPU
		{A379F4F5-E466-4489-AE4B-FB8E5E398AD4}.Release|Any CPU.Build.0 = Release|Any CPU
	EndGlobalSection
	GlobalSection(SolutionProperties) = preSolution
		HideSolutionNode = FALSE
	EndGlobalSection
	GlobalSection(ExtensibilityGlobals) = postSolution
		SolutionGuid = {30A3142C-17B7-4457-B02D-4C4E6D0B7BA9}
	EndGlobalSection
EndGlobal
